
Microsoft Visual Studio Solution File, Format Version 12.00
# Visual Studio Version 17
VisualStudioVersion = 17.14.36603.0 d17.14
MinimumVisualStudioVersion = 10.0.40219.1
Project("{FAE04EC0-301F-11D3-BF4B-00C04F79EFBC}") = "dot net3", "dot net3\dot net3.csproj", "{0141B6CD-A58D-40C8-B125-7CCD1DDE9265}"
EndProject
Global
	GlobalSection(SolutionConfigurationPlatforms) = preSolution
		Debug|Any CPU = Debug|Any CPU
		Release|Any CPU = Release|Any CPU
	EndGlobalSection
	GlobalSection(ProjectConfigurationPlatforms) = postSolution
		{0141B6CD-A58D-40C8-B125-7CCD1DDE9265}.Debug|Any CPU.ActiveCfg = Debug|Any CPU
		{0141B6CD-A58D-40C8-B125-7CCD1DDE9265}.Debug|Any CPU.Build.0 = Debug|Any CPU
		{0141B6CD-A58D-40C8-B125-7CCD1DDE9265}.Release|Any CPU.ActiveCfg = Release|Any CPU
		{0141B6CD-A58D-40C8-B125-7CCD1DDE9265}.Release|Any CPU.Build.0 = Release|Any CPU
	EndGlobalSection
	GlobalSection(SolutionProperties) = preSolution
		HideSolutionNode = FALSE
	EndGlobalSection
	GlobalSection(ExtensibilityGlobals) = postSolution
		SolutionGuid = {F9940AB4-5DE2-49A3-9293-77DE415B38C3}
	EndGlobalSection
EndGlobal
